{
  "name": "ci4login - Copy",
  "lockfileVersion": 3,
  "requires": true,
  "packages": {
    "": {
      "dependencies": {
        "sweetalert2": "^11.7.27"
      },
      "devDependencies": {
        "prettier": "3.0.0"
      }
    },
    "node_modules/prettier": {
      "version": "3.0.0",
      "resolved": "https://registry.npmjs.org/prettier/-/prettier-3.0.0.tgz",
      "integrity": "sha512-zBf5eHpwHOGPC47h0zrPyNn+eAEIdEzfywMoYn2XPi0P44Zp0tSq64rq0xAREh4auw2cJZHo9QUob+NqCQky4g==",
      "dev": true,
      "bin": {
        "prettier": "bin/prettier.cjs"
      },
      "engines": {
        "node": ">=14"
      },
      "funding": {
        "url": "https://github.com/prettier/prettier?sponsor=1"
      }
    },
    "node_modules/sweetalert2": {
      "version": "11.7.27",
      "resolved": "https://registry.npmjs.org/sweetalert2/-/sweetalert2-11.7.27.tgz",
      "integrity": "sha512-QbRXGQn1sb7HEhzA/K2xtWIwQHh/qkSbb1w6jYcTql2xy17876lTREEt1D4X6Q0x2wHtfUjKJ+Cb8IVkRoq7DQ==",
      "funding": {
        "type": "individual",
        "url": "https://github.com/sponsors/limonte"
      }
    }
  }
}
